
Microsoft Visual Studio Solution File, Format Version 12.00
# Visual Studio Version 17
VisualStudioVersion = 17.14.36414.22 d17.14
MinimumVisualStudioVersion = 10.0.40219.1
Project("{FAE04EC0-301F-11D3-BF4B-00C04F79EFBC}") = "ExplosiveVest", "ExplosiveVest\ExplosiveVest.csproj", "{2AEBBF3E-1BA4-44FE-8477-193FF9F7D50C}"
EndProject
Global
	GlobalSection(SolutionConfigurationPlatforms) = preSolution
		Debug|Any CPU = Debug|Any CPU
		Release|Any CPU = Release|Any CPU
	EndGlobalSection
	GlobalSection(ProjectConfigurationPlatforms) = postSolution
		{2AEBBF3E-1BA4-44FE-8477-193FF9F7D50C}.Debug|Any CPU.ActiveCfg = Debug|Any CPU
		{2AEBBF3E-1BA4-44FE-8477-193FF9F7D50C}.Debug|Any CPU.Build.0 = Debug|Any CPU
		{2AEBBF3E-1BA4-44FE-8477-193FF9F7D50C}.Release|Any CPU.ActiveCfg = Release|Any CPU
		{2AEBBF3E-1BA4-44FE-8477-193FF9F7D50C}.Release|Any CPU.Build.0 = Release|Any CPU
	EndGlobalSection
	GlobalSection(SolutionProperties) = preSolution
		HideSolutionNode = FALSE
	EndGlobalSection
	GlobalSection(ExtensibilityGlobals) = postSolution
		SolutionGuid = {42B76FD2-3DCE-4E26-94D4-E62AD4CBCEB5}
	EndGlobalSection
EndGlobal
